
Microsoft Visual Studio Solution File, Format Version 12.00
# Visual Studio 14
VisualStudioVersion = 14.0.25420.1
MinimumVisualStudioVersion = 10.0.40219.1
Project("{FAE04EC0-301F-11D3-BF4B-00C04F79EFBC}") = "StretchCeilingProject", "StretchCeilingProject\StretchCeilingProject.csproj", "{7438FB90-0DDC-408B-8F5F-C5937D855128}"
EndProject
Project("{FAE04EC0-301F-11D3-BF4B-00C04F79EFBC}") = "StretchCeilingProject.DAL", "StretchCeilingProject.DAL\StretchCeilingProject.DAL.csproj", "{3F7AFAC7-ECC8-4AC6-BB19-E3FAD6EF9191}"
EndProject
Project("{FAE04EC0-301F-11D3-BF4B-00C04F79EFBC}") = "StretchCeilingProject.Common", "StretchCeilingProject.Common\StretchCeilingProject.Common.csproj", "{1C491725-A9E4-43FA-A558-D0D58B939BFE}"
EndProject
Project("{FAE04EC0-301F-11D3-BF4B-00C04F79EFBC}") = "StretchCeilingProject.Ninject", "StretchCeilingProject.Ninject\StretchCeilingProject.Ninject.csproj", "{53B33094-0631-4FF5-B629-22AB13D2850E}"
EndProject
Project("{FAE04EC0-301F-11D3-BF4B-00C04F79EFBC}") = "StretchCeilingProject.BLL", "StretchCeilingProject.BLL\StretchCeilingProject.BLL.csproj", "{CFD36BB5-CB75-4580-8FF7-706B0EE1634C}"
EndProject
Global
	GlobalSection(SolutionConfigurationPlatforms) = preSolution
		Debug|Any CPU = Debug|Any CPU
		Release|Any CPU = Release|Any CPU
	EndGlobalSection
	GlobalSection(ProjectConfigurationPlatforms) = postSolution
		{7438FB90-0DDC-408B-8F5F-C5937D855128}.Debug|Any CPU.ActiveCfg = Debug|Any CPU
		{7438FB90-0DDC-408B-8F5F-C5937D855128}.Debug|Any CPU.Build.0 = Debug|Any CPU
		{7438FB90-0DDC-408B-8F5F-C5937D855128}.Release|Any CPU.ActiveCfg = Release|Any CPU
		{7438FB90-0DDC-408B-8F5F-C5937D855128}.Release|Any CPU.Build.0 = Release|Any CPU
		{3F7AFAC7-ECC8-4AC6-BB19-E3FAD6EF9191}.Debug|Any CPU.ActiveCfg = Debug|Any CPU
		{3F7AFAC7-ECC8-4AC6-BB19-E3FAD6EF9191}.Debug|Any CPU.Build.0 = Debug|Any CPU
		{3F7AFAC7-ECC8-4AC6-BB19-E3FAD6EF9191}.Release|Any CPU.ActiveCfg = Release|Any CPU
		{3F7AFAC7-ECC8-4AC6-BB19-E3FAD6EF9191}.Release|Any CPU.Build.0 = Release|Any CPU
		{1C491725-A9E4-43FA-A558-D0D58B939BFE}.Debug|Any CPU.ActiveCfg = Debug|Any CPU
		{1C491725-A9E4-43FA-A558-D0D58B939BFE}.Debug|Any CPU.Build.0 = Debug|Any CPU
		{1C491725-A9E4-43FA-A558-D0D58B939BFE}.Release|Any CPU.ActiveCfg = Release|Any CPU
		{1C491725-A9E4-43FA-A558-D0D58B939BFE}.Release|Any CPU.Build.0 = Release|Any CPU
		{53B33094-0631-4FF5-B629-22AB13D2850E}.Debug|Any CPU.ActiveCfg = Debug|Any CPU
		{53B33094-0631-4FF5-B629-22AB13D2850E}.Debug|Any CPU.Build.0 = Debug|Any CPU
		{53B33094-0631-4FF5-B629-22AB13D2850E}.Release|Any CPU.ActiveCfg = Release|Any CPU
		{53B33094-0631-4FF5-B629-22AB13D2850E}.Release|Any CPU.Build.0 = Release|Any CPU
		{CFD36BB5-CB75-4580-8FF7-706B0EE1634C}.Debug|Any CPU.ActiveCfg = Debug|Any CPU
		{CFD36BB5-CB75-4580-8FF7-706B0EE1634C}.Debug|Any CPU.Build.0 = Debug|Any CPU
		{CFD36BB5-CB75-4580-8FF7-706B0EE1634C}.Release|Any CPU.ActiveCfg = Release|Any CPU
		{CFD36BB5-CB75-4580-8FF7-706B0EE1634C}.Release|Any CPU.Build.0 = Release|Any CPU
	EndGlobalSection
	GlobalSection(SolutionProperties) = preSolution
		HideSolutionNode = FALSE
	EndGlobalSection
EndGlobal
